<Solution>
  <Project Path="../CitasApp/CitasApp.Api/CitasApp.Api.csproj" />
  <Project Path="../CitasApp/CitasApp.Application/CitasApp.Application.csproj" />
  <Project Path="../CitasApp/CitasApp.Domain/CitasApp.Domain.csproj" />
  <Project Path="../CitasApp/CitasApp.Infraestructure/CitasApp.Infraestructure.csproj" />
  <Project Path="CitasApp.Web.csproj" />
</Solution>
